
Microsoft Visual Studio Solution File, Format Version 12.00
# Visual Studio 15
Project("{FAE04EC0-301F-11D3-BF4B-00C04F79EFBC}") = "Surfly.iOS", "Surfly.iOS\Surfly.iOS.csproj", "{24AFC67F-4E49-4CAE-9AE4-BBD504BF2D21}"
EndProject
Project("{FAE04EC0-301F-11D3-BF4B-00C04F79EFBC}") = "Surfly", "Surfly\Surfly.csproj", "{6F0893B1-8A7E-44E4-B58B-67F8D97E2273}"
EndProject
Global
	GlobalSection(SolutionConfigurationPlatforms) = preSolution
		Debug|iPhoneSimulator = Debug|iPhoneSimulator
		Release|iPhoneSimulator = Release|iPhoneSimulator
		Debug|iPhone = Debug|iPhone
		Release|iPhone = Release|iPhone
		Debug|Any CPU = Debug|Any CPU
		Release|Any CPU = Release|Any CPU
	EndGlobalSection
	GlobalSection(ProjectConfigurationPlatforms) = postSolution
		{24AFC67F-4E49-4CAE-9AE4-BBD504BF2D21}.Debug|iPhoneSimulator.ActiveCfg = Debug|iPhoneSimulator
		{24AFC67F-4E49-4CAE-9AE4-BBD504BF2D21}.Debug|iPhoneSimulator.Build.0 = Debug|iPhoneSimulator
		{24AFC67F-4E49-4CAE-9AE4-BBD504BF2D21}.Release|iPhoneSimulator.ActiveCfg = Release|iPhoneSimulator
		{24AFC67F-4E49-4CAE-9AE4-BBD504BF2D21}.Release|iPhoneSimulator.Build.0 = Release|iPhoneSimulator
		{24AFC67F-4E49-4CAE-9AE4-BBD504BF2D21}.Debug|iPhone.ActiveCfg = Debug|iPhone
		{24AFC67F-4E49-4CAE-9AE4-BBD504BF2D21}.Debug|iPhone.Build.0 = Debug|iPhone
		{24AFC67F-4E49-4CAE-9AE4-BBD504BF2D21}.Release|iPhone.ActiveCfg = Release|iPhone
		{24AFC67F-4E49-4CAE-9AE4-BBD504BF2D21}.Release|iPhone.Build.0 = Release|iPhone
		{24AFC67F-4E49-4CAE-9AE4-BBD504BF2D21}.Debug|Any CPU.ActiveCfg = Debug|iPhoneSimulator
		{24AFC67F-4E49-4CAE-9AE4-BBD504BF2D21}.Debug|Any CPU.Build.0 = Debug|iPhoneSimulator
		{24AFC67F-4E49-4CAE-9AE4-BBD504BF2D21}.Release|Any CPU.ActiveCfg = Release|iPhoneSimulator
		{24AFC67F-4E49-4CAE-9AE4-BBD504BF2D21}.Release|Any CPU.Build.0 = Release|iPhoneSimulator
		{6F0893B1-8A7E-44E4-B58B-67F8D97E2273}.Debug|iPhoneSimulator.ActiveCfg = Debug|Any CPU
		{6F0893B1-8A7E-44E4-B58B-67F8D97E2273}.Debug|iPhoneSimulator.Build.0 = Debug|Any CPU
		{6F0893B1-8A7E-44E4-B58B-67F8D97E2273}.Release|iPhoneSimulator.ActiveCfg = Release|Any CPU
		{6F0893B1-8A7E-44E4-B58B-67F8D97E2273}.Release|iPhoneSimulator.Build.0 = Release|Any CPU
		{6F0893B1-8A7E-44E4-B58B-67F8D97E2273}.Debug|iPhone.ActiveCfg = Debug|Any CPU
		{6F0893B1-8A7E-44E4-B58B-67F8D97E2273}.Debug|iPhone.Build.0 = Debug|Any CPU
		{6F0893B1-8A7E-44E4-B58B-67F8D97E2273}.Release|iPhone.ActiveCfg = Release|Any CPU
		{6F0893B1-8A7E-44E4-B58B-67F8D97E2273}.Release|iPhone.Build.0 = Release|Any CPU
		{6F0893B1-8A7E-44E4-B58B-67F8D97E2273}.Debug|Any CPU.ActiveCfg = Debug|Any CPU
		{6F0893B1-8A7E-44E4-B58B-67F8D97E2273}.Debug|Any CPU.Build.0 = Debug|Any CPU
		{6F0893B1-8A7E-44E4-B58B-67F8D97E2273}.Release|Any CPU.ActiveCfg = Release|Any CPU
		{6F0893B1-8A7E-44E4-B58B-67F8D97E2273}.Release|Any CPU.Build.0 = Release|Any CPU
	EndGlobalSection
EndGlobal
